Microsoft Visual Studio Solution File, Format Version 12.00
# Visual Studio Version 16
VisualStudioVersion = 16.0.30523.141
MinimumVisualStudioVersion = 10.0.40219.1
Project("{2150E333-8FDC-42A3-9474-1A3956D46DE8}") = "tests", "tests", "{FCE7B4AE-4C2B-447A-9FA2-6CFAD8FF6089}"
EndProject
Project("{2150E333-8FDC-42A3-9474-1A3956D46DE8}") = "src", "src", "{553C9B33-97C2-4C57-B5E9-88608ED61475}"
EndProject
Project("{FAE04EC0-301F-11D3-BF4B-00C04F79EFBC}") = "VisualTreeAnalyzers", "src\VisualTreeAnalyzers\VisualTreeAnalyzers.csproj", "{71D49058-4D49-4616-BDB7-A795823D9866}"
EndProject
Project("{FAE04EC0-301F-11D3-BF4B-00C04F79EFBC}") = "VisualTreeAnalyzers.Tests", "tests\VisualTreeAnalyzers.Tests\VisualTreeAnalyzers.Tests.csproj", "{9CCA940B-ACFE-4773-9441-0B6EDF9504A3}"
EndProject
Project("{2150E333-8FDC-42A3-9474-1A3956D46DE8}") = "samples", "samples", "{32423AB3-8EE7-4DFD-AC17-CC7E9CDEBCD3}"
EndProject
Project("{FAE04EC0-301F-11D3-BF4B-00C04F79EFBC}") = "VisualTreeAnalyzersSampleApp", "samples\VisualTreeAnalyzersSampleApp\VisualTreeAnalyzersSampleApp.csproj", "{94C875F9-7682-4702-8C7F-A5A121093BBC}"
EndProject
Global
	GlobalSection(SolutionConfigurationPlatforms) = preSolution
		Debug|Any CPU = Debug|Any CPU
		Debug|ARM = Debug|ARM
		Debug|ARM64 = Debug|ARM64
		Debug|x64 = Debug|x64
		Debug|x86 = Debug|x86
		Release|Any CPU = Release|Any CPU
		Release|ARM = Release|ARM
		Release|ARM64 = Release|ARM64
		Release|x64 = Release|x64
		Release|x86 = Release|x86
	EndGlobalSection
	GlobalSection(ProjectConfigurationPlatforms) = postSolution
		{71D49058-4D49-4616-BDB7-A795823D9866}.Debug|Any CPU.ActiveCfg = Debug|Any CPU
		{71D49058-4D49-4616-BDB7-A795823D9866}.Debug|Any CPU.Build.0 = Debug|Any CPU
		{71D49058-4D49-4616-BDB7-A795823D9866}.Debug|ARM.ActiveCfg = Debug|ARM
		{71D49058-4D49-4616-BDB7-A795823D9866}.Debug|ARM.Build.0 = Debug|ARM
		{71D49058-4D49-4616-BDB7-A795823D9866}.Debug|ARM64.ActiveCfg = Debug|ARM64
		{71D49058-4D49-4616-BDB7-A795823D9866}.Debug|ARM64.Build.0 = Debug|ARM64
		{71D49058-4D49-4616-BDB7-A795823D9866}.Debug|x64.ActiveCfg = Debug|x64
		{71D49058-4D49-4616-BDB7-A795823D9866}.Debug|x64.Build.0 = Debug|x64
		{71D49058-4D49-4616-BDB7-A795823D9866}.Debug|x86.ActiveCfg = Debug|x86
		{71D49058-4D49-4616-BDB7-A795823D9866}.Debug|x86.Build.0 = Debug|x86
		{71D49058-4D49-4616-BDB7-A795823D9866}.Release|Any CPU.ActiveCfg = Release|Any CPU
		{71D49058-4D49-4616-BDB7-A795823D9866}.Release|Any CPU.Build.0 = Release|Any CPU
		{71D49058-4D49-4616-BDB7-A795823D9866}.Release|ARM.ActiveCfg = Release|ARM
		{71D49058-4D49-4616-BDB7-A795823D9866}.Release|ARM.Build.0 = Release|ARM
		{71D49058-4D49-4616-BDB7-A795823D9866}.Release|ARM64.ActiveCfg = Release|ARM64
		{71D49058-4D49-4616-BDB7-A795823D9866}.Release|ARM64.Build.0 = Release|ARM64
		{71D49058-4D49-4616-BDB7-A795823D9866}.Release|x64.ActiveCfg = Release|x64
		{71D49058-4D49-4616-BDB7-A795823D9866}.Release|x64.Build.0 = Release|x64
		{71D49058-4D49-4616-BDB7-A795823D9866}.Release|x86.ActiveCfg = Release|x86
		{71D49058-4D49-4616-BDB7-A795823D9866}.Release|x86.Build.0 = Release|x86
		{9CCA940B-ACFE-4773-9441-0B6EDF9504A3}.Debug|Any CPU.ActiveCfg = Debug|x86
		{9CCA940B-ACFE-4773-9441-0B6EDF9504A3}.Debug|ARM.ActiveCfg = Debug|ARM
		{9CCA940B-ACFE-4773-9441-0B6EDF9504A3}.Debug|ARM.Build.0 = Debug|ARM
		{9CCA940B-ACFE-4773-9441-0B6EDF9504A3}.Debug|ARM.Deploy.0 = Debug|ARM
		{9CCA940B-ACFE-4773-9441-0B6EDF9504A3}.Debug|ARM64.ActiveCfg = Debug|ARM64
		{9CCA940B-ACFE-4773-9441-0B6EDF9504A3}.Debug|ARM64.Build.0 = Debug|ARM64
		{9CCA940B-ACFE-4773-9441-0B6EDF9504A3}.Debug|ARM64.Deploy.0 = Debug|ARM64
		{9CCA940B-ACFE-4773-9441-0B6EDF9504A3}.Debug|x64.ActiveCfg = Debug|x64
		{9CCA940B-ACFE-4773-9441-0B6EDF9504A3}.Debug|x64.Build.0 = Debug|x64
		{9CCA940B-ACFE-4773-9441-0B6EDF9504A3}.Debug|x64.Deploy.0 = Debug|x64
		{9CCA940B-ACFE-4773-9441-0B6EDF9504A3}.Debug|x86.ActiveCfg = Debug|x86
		{9CCA940B-ACFE-4773-9441-0B6EDF9504A3}.Debug|x86.Build.0 = Debug|x86
		{9CCA940B-ACFE-4773-9441-0B6EDF9504A3}.Debug|x86.Deploy.0 = Debug|x86
		{9CCA940B-ACFE-4773-9441-0B6EDF9504A3}.Release|Any CPU.ActiveCfg = Release|x86
		{9CCA940B-ACFE-4773-9441-0B6EDF9504A3}.Release|ARM.ActiveCfg = Release|ARM
		{9CCA940B-ACFE-4773-9441-0B6EDF9504A3}.Release|ARM.Build.0 = Release|ARM
		{9CCA940B-ACFE-4773-9441-0B6EDF9504A3}.Release|ARM.Deploy.0 = Release|ARM
		{9CCA940B-ACFE-4773-9441-0B6EDF9504A3}.Release|ARM64.ActiveCfg = Release|ARM64
		{9CCA940B-ACFE-4773-9441-0B6EDF9504A3}.Release|ARM64.Build.0 = Release|ARM64
		{9CCA940B-ACFE-4773-9441-0B6EDF9504A3}.Release|ARM64.Deploy.0 = Release|ARM64
		{9CCA940B-ACFE-4773-9441-0B6EDF9504A3}.Release|x64.ActiveCfg = Release|x64
		{9CCA940B-ACFE-4773-9441-0B6EDF9504A3}.Release|x64.Build.0 = Release|x64
		{9CCA940B-ACFE-4773-9441-0B6EDF9504A3}.Release|x64.Deploy.0 = Release|x64
		{9CCA940B-ACFE-4773-9441-0B6EDF9504A3}.Release|x86.ActiveCfg = Release|x86
		{9CCA940B-ACFE-4773-9441-0B6EDF9504A3}.Release|x86.Build.0 = Release|x86
		{9CCA940B-ACFE-4773-9441-0B6EDF9504A3}.Release|x86.Deploy.0 = Release|x86
		{94C875F9-7682-4702-8C7F-A5A121093BBC}.Debug|Any CPU.ActiveCfg = Debug|x86
		{94C875F9-7682-4702-8C7F-A5A121093BBC}.Debug|ARM.ActiveCfg = Debug|ARM
		{94C875F9-7682-4702-8C7F-A5A121093BBC}.Debug|ARM.Build.0 = Debug|ARM
		{94C875F9-7682-4702-8C7F-A5A121093BBC}.Debug|ARM.Deploy.0 = Debug|ARM
		{94C875F9-7682-4702-8C7F-A5A121093BBC}.Debug|ARM64.ActiveCfg = Debug|ARM64
		{94C875F9-7682-4702-8C7F-A5A121093BBC}.Debug|ARM64.Build.0 = Debug|ARM64
		{94C875F9-7682-4702-8C7F-A5A121093BBC}.Debug|ARM64.Deploy.0 = Debug|ARM64
		{94C875F9-7682-4702-8C7F-A5A121093BBC}.Debug|x64.ActiveCfg = Debug|x64
		{94C875F9-7682-4702-8C7F-A5A121093BBC}.Debug|x64.Build.0 = Debug|x64
		{94C875F9-7682-4702-8C7F-A5A121093BBC}.Debug|x64.Deploy.0 = Debug|x64
		{94C875F9-7682-4702-8C7F-A5A121093BBC}.Debug|x86.ActiveCfg = Debug|x86
		{94C875F9-7682-4702-8C7F-A5A121093BBC}.Debug|x86.Build.0 = Debug|x86
		{94C875F9-7682-4702-8C7F-A5A121093BBC}.Debug|x86.Deploy.0 = Debug|x86
		{94C875F9-7682-4702-8C7F-A5A121093BBC}.Release|Any CPU.ActiveCfg = Release|x86
		{94C875F9-7682-4702-8C7F-A5A121093BBC}.Release|ARM.ActiveCfg = Release|ARM
		{94C875F9-7682-4702-8C7F-A5A121093BBC}.Release|ARM.Build.0 = Release|ARM
		{94C875F9-7682-4702-8C7F-A5A121093BBC}.Release|ARM.Deploy.0 = Release|ARM
		{94C875F9-7682-4702-8C7F-A5A121093BBC}.Release|ARM64.ActiveCfg = Release|ARM64
		{94C875F9-7682-4702-8C7F-A5A121093BBC}.Release|ARM64.Build.0 = Release|ARM64
		{94C875F9-7682-4702-8C7F-A5A121093BBC}.Release|ARM64.Deploy.0 = Release|ARM64
		{94C875F9-7682-4702-8C7F-A5A121093BBC}.Release|x64.ActiveCfg = Release|x64
		{94C875F9-7682-4702-8C7F-A5A121093BBC}.Release|x64.Build.0 = Release|x64
		{94C875F9-7682-4702-8C7F-A5A121093BBC}.Release|x64.Deploy.0 = Release|x64
		{94C875F9-7682-4702-8C7F-A5A121093BBC}.Release|x86.ActiveCfg = Release|x86
		{94C875F9-7682-4702-8C7F-A5A121093BBC}.Release|x86.Build.0 = Release|x86
		{94C875F9-7682-4702-8C7F-A5A121093BBC}.Release|x86.Deploy.0 = Release|x86
	EndGlobalSection
	GlobalSection(SolutionProperties) = preSolution
		HideSolutionNode = FALSE
	EndGlobalSection
	GlobalSection(NestedProjects) = preSolution
		{71D49058-4D49-4616-BDB7-A795823D9866} = {553C9B33-97C2-4C57-B5E9-88608ED61475}
		{9CCA940B-ACFE-4773-9441-0B6EDF9504A3} = {FCE7B4AE-4C2B-447A-9FA2-6CFAD8FF6089}
		{94C875F9-7682-4702-8C7F-A5A121093BBC} = {32423AB3-8EE7-4DFD-AC17-CC7E9CDEBCD3}
	EndGlobalSection
	GlobalSection(ExtensibilityGlobals) = postSolution
		SolutionGuid = {727E24E2-8BFC-48E0-AA93-5A15B0E6DF8A}
	EndGlobalSection
EndGlobal
